// !$*UTF8*$!
{
	archiveVersion = 1;
	classes = {
	};
	objectVersion = 50;
	objects = {

/* Begin PBXBuildFile section */
		558999DA23A505A00026583A /* DCTrains WatchKit App.app in Embed Watch Content */ = {isa = PBXBuildFile; fileRef = 558999D923A505A00026583A /* DCTrains WatchKit App.app */; settings = {ATTRIBUTES = (RemoveHeadersOnCopy, ); }; };
		558999E023A505A00026583A /* Interface.storyboard in Resources */ = {isa = PBXBuildFile; fileRef = 558999DE23A505A00026583A /* Interface.storyboard */; };
		558999E223A505A30026583A /* Assets.xcassets in Resources */ = {isa = PBXBuildFile; fileRef = 558999E123A505A30026583A /* Assets.xcassets */; };
		558999E923A505A30026583A /* DCTrains WatchKit Extension.appex in Embed App Extensions */ = {isa = PBXBuildFile; fileRef = 558999E823A505A30026583A /* DCTrains WatchKit Extension.appex */; settings = {ATTRIBUTES = (RemoveHeadersOnCopy, ); }; };
		558999EE23A505A30026583A /* InterfaceController.swift in Sources */ = {isa = PBXBuildFile; fileRef = 558999ED23A505A30026583A /* InterfaceController.swift */; };
		558999F023A505A30026583A /* ExtensionDelegate.swift in Sources */ = {isa = PBXBuildFile; fileRef = 558999EF23A505A30026583A /* ExtensionDelegate.swift */; };
		558999F223A505A30026583A /* ComplicationController.swift in Sources */ = {isa = PBXBuildFile; fileRef = 558999F123A505A30026583A /* ComplicationController.swift */; };
		558999F423A505A40026583A /* Assets.xcassets in Resources */ = {isa = PBXBuildFile; fileRef = 558999F323A505A40026583A /* Assets.xcassets */; };
/* End PBXBuildFile section */

/* Begin PBXContainerItemProxy section */
		558999DB23A505A00026583A /* PBXContainerItemProxy */ = {
			isa = PBXContainerItemProxy;
			containerPortal = 558999CF23A505A00026583A /* Project object */;
			proxyType = 1;
			remoteGlobalIDString = 558999D823A505A00026583A;
			remoteInfo = "DCTrains WatchKit App";
		};
		558999EA23A505A30026583A /* PBXContainerItemProxy */ = {
			isa = PBXContainerItemProxy;
			containerPortal = 558999CF23A505A00026583A /* Project object */;
			proxyType = 1;
			remoteGlobalIDString = 558999E723A505A30026583A;
			remoteInfo = "DCTrains WatchKit Extension";
		};
/* End PBXContainerItemProxy section */

/* Begin PBXCopyFilesBuildPhase section */
		558999FB23A505A40026583A /* Embed App Extensions */ = {
			isa = PBXCopyFilesBuildPhase;
			buildActionMask = 2147483647;
			dstPath = "";
			dstSubfolderSpec = 13;
			files = (
				558999E923A505A30026583A /* DCTrains WatchKit Extension.appex in Embed App Extensions */,
			);
			name = "Embed App Extensions";
			runOnlyForDeploymentPostprocessing = 0;
		};
		558999FF23A505A40026583A /* Embed Watch Content */ = {
			isa = PBXCopyFilesBuildPhase;
			buildActionMask = 2147483647;
			dstPath = "$(CONTENTS_FOLDER_PATH)/Watch";
			dstSubfolderSpec = 16;
			files = (
				558999DA23A505A00026583A /* DCTrains WatchKit App.app in Embed Watch Content */,
			);
			name = "Embed Watch Content";
			runOnlyForDeploymentPostprocessing = 0;
		};
/* End PBXCopyFilesBuildPhase section */

/* Begin PBXFileReference section */
		558999D523A505A00026583A /* DCTrains.app */ = {isa = PBXFileReference; explicitFileType = wrapper.application; includeInIndex = 0; path = DCTrains.app; sourceTree = BUILT_PRODUCTS_DIR; };
		558999D923A505A00026583A /* DCTrains WatchKit App.app */ = {isa = PBXFileReference; explicitFileType = wrapper.application; includeInIndex = 0; path = "DCTrains WatchKit App.app"; sourceTree = BUILT_PRODUCTS_DIR; };
		558999DF23A505A00026583A /* Base */ = {isa = PBXFileReference; lastKnownFileType = file.storyboard; name = Base; path = Base.lproj/Interface.storyboard; sourceTree = "<group>"; };
		558999E123A505A30026583A /* Assets.xcassets */ = {isa = PBXFileReference; lastKnownFileType = folder.assetcatalog; path = Assets.xcassets; sourceTree = "<group>"; };
		558999E323A505A30026583A /* Info.plist */ = {isa = PBXFileReference; lastKnownFileType = text.plist.xml; path = Info.plist; sourceTree = "<group>"; };
		558999E823A505A30026583A /* DCTrains WatchKit Extension.appex */ = {isa = PBXFileReference; explicitFileType = "wrapper.app-extension"; includeInIndex = 0; path = "DCTrains WatchKit Extension.appex"; sourceTree = BUILT_PRODUCTS_DIR; };
		558999ED23A505A30026583A /* InterfaceController.swift */ = {isa = PBXFileReference; lastKnownFileType = sourcecode.swift; path = InterfaceController.swift; sourceTree = "<group>"; };
		558999EF23A505A30026583A /* ExtensionDelegate.swift */ = {isa = PBXFileReference; lastKnownFileType = sourcecode.swift; path = ExtensionDelegate.swift; sourceTree = "<group>"; };
		558999F123A505A30026583A /* ComplicationController.swift */ = {isa = PBXFileReference; lastKnownFileType = sourcecode.swift; path = ComplicationController.swift; sourceTree = "<group>"; };
		558999F323A505A40026583A /* Assets.xcassets */ = {isa = PBXFileReference; lastKnownFileType = folder.assetcatalog; path = Assets.xcassets; sourceTree = "<group>"; };
		558999F523A505A40026583A /* Info.plist */ = {isa = PBXFileReference; lastKnownFileType = text.plist.xml; path = Info.plist; sourceTree = "<group>"; };
/* End PBXFileReference section */

/* Begin PBXFrameworksBuildPhase section */
		558999E523A505A30026583A /* Frameworks */ = {
			isa = PBXFrameworksBuildPhase;
			buildActionMask = 2147483647;
			files = (
			);
			runOnlyForDeploymentPostprocessing = 0;
		};
/* End PBXFrameworksBuildPhase section */

/* Begin PBXGroup section */
		558999CE23A505A00026583A = {
			isa = PBXGroup;
			children = (
				558999DD23A505A00026583A /* DCTrains WatchKit App */,
				558999EC23A505A30026583A /* DCTrains WatchKit Extension */,
				558999D623A505A00026583A /* Products */,
			);
			sourceTree = "<group>";
		};
		558999D623A505A00026583A /* Products */ = {
			isa = PBXGroup;
			children = (
				558999D523A505A00026583A /* DCTrains.app */,
				558999D923A505A00026583A /* DCTrains WatchKit App.app */,
				558999E823A505A30026583A /* DCTrains WatchKit Extension.appex */,
			);
			name = Products;
			sourceTree = "<group>";
		};
		558999DD23A505A00026583A /* DCTrains WatchKit App */ = {
			isa = PBXGroup;
			children = (
				558999DE23A505A00026583A /* Interface.storyboard */,
				558999E123A505A30026583A /* Assets.xcassets */,
				558999E323A505A30026583A /* Info.plist */,
			);
			path = "DCTrains WatchKit App";
			sourceTree = "<group>";
		};
		558999EC23A505A30026583A /* DCTrains WatchKit Extension */ = {
			isa = PBXGroup;
			children = (
				558999ED23A505A30026583A /* InterfaceController.swift */,
				558999EF23A505A30026583A /* ExtensionDelegate.swift */,
				558999F123A505A30026583A /* ComplicationController.swift */,
				558999F323A505A40026583A /* Assets.xcassets */,
				558999F523A505A40026583A /* Info.plist */,
			);
			path = "DCTrains WatchKit Extension";
			sourceTree = "<group>";
		};
/* End PBXGroup section */

/* Begin PBXNativeTarget section */
		558999D423A505A00026583A /* DCTrains */ = {
			isa = PBXNativeTarget;
			buildConfigurationList = 55899A0023A505A40026583A /* Build configuration list for PBXNativeTarget "DCTrains" */;
			buildPhases = (
				558999D323A505A00026583A /* Resources */,
				558999FF23A505A40026583A /* Embed Watch Content */,
			);
			buildRules = (
			);
			dependencies = (
				558999DC23A505A00026583A /* PBXTargetDependency */,
			);
			name = DCTrains;
			productName = DCTrains;
			productReference = 558999D523A505A00026583A /* DCTrains.app */;
			productType = "com.apple.product-type.application.watchapp2-container";
		};
		558999D823A505A00026583A /* DCTrains WatchKit App */ = {
			isa = PBXNativeTarget;
			buildConfigurationList = 558999FC23A505A40026583A /* Build configuration list for PBXNativeTarget "DCTrains WatchKit App" */;
			buildPhases = (
				558999D723A505A00026583A /* Resources */,
				558999FB23A505A40026583A /* Embed App Extensions */,
			);
			buildRules = (
			);
			dependencies = (
				558999EB23A505A30026583A /* PBXTargetDependency */,
			);
			name = "DCTrains WatchKit App";
			productName = "DCTrains WatchKit App";
			productReference = 558999D923A505A00026583A /* DCTrains WatchKit App.app */;
			productType = "com.apple.product-type.application.watchapp2";
		};
		558999E723A505A30026583A /* DCTrains WatchKit Extension */ = {
			isa = PBXNativeTarget;
			buildConfigurationList = 558999F823A505A40026583A /* Build configuration list for PBXNativeTarget "DCTrains WatchKit Extension" */;
			buildPhases = (
				558999E423A505A30026583A /* Sources */,
				558999E523A505A30026583A /* Frameworks */,
				558999E623A505A30026583A /* Resources */,
			);
			buildRules = (
			);
			dependencies = (
			);
			name = "DCTrains WatchKit Extension";
			productName = "DCTrains WatchKit Extension";
			productReference = 558999E823A505A30026583A /* DCTrains WatchKit Extension.appex */;
			productType = "com.apple.product-type.watchkit2-extension";
		};
/* End PBXNativeTarget section */

/* Begin PBXProject section */
		558999CF23A505A00026583A /* Project object */ = {
			isa = PBXProject;
			attributes = {
				LastSwiftUpdateCheck = 1130;
				LastUpgradeCheck = 1130;
				ORGANIZATIONNAME = "Peter Olsen";
				TargetAttributes = {
					558999D423A505A00026583A = {
						CreatedOnToolsVersion = 11.3;
					};
					558999D823A505A00026583A = {
						CreatedOnToolsVersion = 11.3;
					};
					558999E723A505A30026583A = {
						CreatedOnToolsVersion = 11.3;
					};
				};
			};
			buildConfigurationList = 558999D223A505A00026583A /* Build configuration list for PBXProject "DCTrains" */;
			compatibilityVersion = "Xcode 9.3";
			developmentRegion = en;
			hasScannedForEncodings = 0;
			knownRegions = (
				en,
				Base,
			);
			mainGroup = 558999CE23A505A00026583A;
			productRefGroup = 558999D623A505A00026583A /* Products */;
			projectDirPath = "";
			projectRoot = "";
			targets = (
				558999D423A505A00026583A /* DCTrains */,
				558999D823A505A00026583A /* DCTrains WatchKit App */,
				558999E723A505A30026583A /* DCTrains WatchKit Extension */,
			);
		};
/* End PBXProject section */

/* Begin PBXResourcesBuildPhase section */
		558999D323A505A00026583A /* Resources */ = {
			isa = PBXResourcesBuildPhase;
			buildActionMask = 2147483647;
			files = (
			);
			runOnlyForDeploymentPostprocessing = 0;
		};
		558999D723A505A00026583A /* Resources */ = {
			isa = PBXResourcesBuildPhase;
			buildActionMask = 2147483647;
			files = (
				558999E223A505A30026583A /* Assets.xcassets in Resources */,
				558999E023A505A00026583A /* Interface.storyboard in Resources */,
			);
			runOnlyForDeploymentPostprocessing = 0;
		};
		558999E623A505A30026583A /* Resources */ = {
			isa = PBXResourcesBuildPhase;
			buildActionMask = 2147483647;
			files = (
				558999F423A505A40026583A /* Assets.xcassets in Resources */,
			);
			runOnlyForDeploymentPostprocessing = 0;
		};
/* End PBXResourcesBuildPhase section */

/* Begin PBXSourcesBuildPhase section */
		558999E423A505A30026583A /* Sources */ = {
			isa = PBXSourcesBuildPhase;
			buildActionMask = 2147483647;
			files = (
				558999F023A505A30026583A /* ExtensionDelegate.swift in Sources */,
				558999EE23A505A30026583A /* InterfaceController.swift in Sources */,
				558999F223A505A30026583A /* ComplicationController.swift in Sources */,
			);
			runOnlyForDeploymentPostprocessing = 0;
		};
/* End PBXSourcesBuildPhase section */

/* Begin PBXTargetDependency section */
		558999DC23A505A00026583A /* PBXTargetDependency */ = {
			isa = PBXTargetDependency;
			target = 558999D823A505A00026583A /* DCTrains WatchKit App */;
			targetProxy = 558999DB23A505A00026583A /* PBXContainerItemProxy */;
		};
		558999EB23A505A30026583A /* PBXTargetDependency */ = {
			isa = PBXTargetDependency;
			target = 558999E723A505A30026583A /* DCTrains WatchKit Extension */;
			targetProxy = 558999EA23A505A30026583A /* PBXContainerItemProxy */;
		};
/* End PBXTargetDependency section */

/* Begin PBXVariantGroup section */
		558999DE23A505A00026583A /* Interface.storyboard */ = {
			isa = PBXVariantGroup;
			children = (
				558999DF23A505A00026583A /* Base */,
			);
			name = Interface.storyboard;
			sourceTree = "<group>";
		};
/* End PBXVariantGroup section */

/* Begin XCBuildConfiguration section */
		558999F623A505A40026583A /* Debug */ = {
			isa = XCBuildConfiguration;
			buildSettings = {
				ALWAYS_SEARCH_USER_PATHS = NO;
				CLANG_ANALYZER_NONNULL = YES;
				CLANG_ANALYZER_NUMBER_OBJECT_CONVERSION = YES_AGGRESSIVE;
				CLANG_CXX_LANGUAGE_STANDARD = "gnu++14";
				CLANG_CXX_LIBRARY = "libc++";
				CLANG_ENABLE_MODULES = YES;
				CLANG_ENABLE_OBJC_ARC = YES;
				CLANG_ENABLE_OBJC_WEAK = YES;
				CLANG_WARN_BLOCK_CAPTURE_AUTORELEASING = YES;
				CLANG_WARN_BOOL_CONVERSION = YES;
				CLANG_WARN_COMMA = YES;
				CLANG_WARN_CONSTANT_CONVERSION = YES;
				CLANG_WARN_DEPRECATED_OBJC_IMPLEMENTATIONS = YES;
				CLANG_WARN_DIRECT_OBJC_ISA_USAGE = YES_ERROR;
				CLANG_WARN_DOCUMENTATION_COMMENTS = YES;
				CLANG_WARN_EMPTY_BODY = YES;
				CLANG_WARN_ENUM_CONVERSION = YES;
				CLANG_WARN_INFINITE_RECURSION = YES;
				CLANG_WARN_INT_CONVERSION = YES;
				CLANG_WARN_NON_LITERAL_NULL_CONVERSION = YES;
				CLANG_WARN_OBJC_IMPLICIT_RETAIN_SELF = YES;
				CLANG_WARN_OBJC_LITERAL_CONVERSION = YES;
				CLANG_WARN_OBJC_ROOT_CLASS = YES_ERROR;
				CLANG_WARN_RANGE_LOOP_ANALYSIS = YES;
				CLANG_WARN_STRICT_PROTOTYPES = YES;
				CLANG_WARN_SUSPICIOUS_MOVE = YES;
				CLANG_WARN_UNGUARDED_AVAILABILITY = YES_AGGRESSIVE;
				CLANG_WARN_UNREACHABLE_CODE = YES;
				CLANG_WARN__DUPLICATE_METHOD_MATCH = YES;
				COPY_PHASE_STRIP = NO;
				DEBUG_INFORMATION_FORMAT = dwarf;
				ENABLE_STRICT_OBJC_MSGSEND = YES;
				ENABLE_TESTABILITY = YES;
				GCC_C_LANGUAGE_STANDARD = gnu11;
				GCC_DYNAMIC_NO_PIC = NO;
				GCC_NO_COMMON_BLOCKS = YES;
				GCC_OPTIMIZATION_LEVEL = 0;
				GCC_PREPROCESSOR_DEFINITIONS = (
					"DEBUG=1",
					"$(inherited)",
				);
				GCC_WARN_64_TO_32_BIT_CONVERSION = YES;
				GCC_WARN_ABOUT_RETURN_TYPE = YES_ERROR;
				GCC_WARN_UNDECLARED_SELECTOR = YES;
				GCC_WARN_UNINITIALIZED_AUTOS = YES_AGGRESSIVE;
				GCC_WARN_UNUSED_FUNCTION = YES;
				GCC_WARN_UNUSED_VARIABLE = YES;
				MTL_ENABLE_DEBUG_INFO = INCLUDE_SOURCE;
				MTL_FAST_MATH = YES;
				ONLY_ACTIVE_ARCH = YES;
				SDKROOT = iphoneos;
				SWIFT_ACTIVE_COMPILATION_CONDITIONS = DEBUG;
				SWIFT_OPTIMIZATION_LEVEL = "-Onone";
			};
			name = Debug;
		};
		558999F723A505A40026583A /* Release */ = {
			isa = XCBuildConfiguration;
			buildSettings = {
				ALWAYS_SEARCH_USER_PATHS = NO;
				CLANG_ANALYZER_NONNULL = YES;
				CLANG_ANALYZER_NUMBER_OBJECT_CONVERSION = YES_AGGRESSIVE;
				CLANG_CXX_LANGUAGE_STANDARD = "gnu++14";
				CLANG_CXX_LIBRARY = "libc++";
				CLANG_ENABLE_MODULES = YES;
				CLANG_ENABLE_OBJC_ARC = YES;
				CLANG_ENABLE_OBJC_WEAK = YES;
				CLANG_WARN_BLOCK_CAPTURE_AUTORELEASING = YES;
				CLANG_WARN_BOOL_CONVERSION = YES;
				CLANG_WARN_COMMA = YES;
				CLANG_WARN_CONSTANT_CONVERSION = YES;
				CLANG_WARN_DEPRECATED_OBJC_IMPLEMENTATIONS = YES;
				CLANG_WARN_DIRECT_OBJC_ISA_USAGE = YES_ERROR;
				CLANG_WARN_DOCUMENTATION_COMMENTS = YES;
				CLANG_WARN_EMPTY_BODY = YES;
				CLANG_WARN_ENUM_CONVERSION = YES;
				CLANG_WARN_INFINITE_RECURSION = YES;
				CLANG_WARN_INT_CONVERSION = YES;
				CLANG_WARN_NON_LITERAL_NULL_CONVERSION = YES;
				CLANG_WARN_OBJC_IMPLICIT_RETAIN_SELF = YES;
				CLANG_WARN_OBJC_LITERAL_CONVERSION = YES;
				CLANG_WARN_OBJC_ROOT_CLASS = YES_ERROR;
				CLANG_WARN_RANGE_LOOP_ANALYSIS = YES;
				CLANG_WARN_STRICT_PROTOTYPES = YES;
				CLANG_WARN_SUSPICIOUS_MOVE = YES;
				CLANG_WARN_UNGUARDED_AVAILABILITY = YES_AGGRESSIVE;
				CLANG_WARN_UNREACHABLE_CODE = YES;
				CLANG_WARN__DUPLICATE_METHOD_MATCH = YES;
				COPY_PHASE_STRIP = NO;
				DEBUG_INFORMATION_FORMAT = "dwarf-with-dsym";
				ENABLE_NS_ASSERTIONS = NO;
				ENABLE_STRICT_OBJC_MSGSEND = YES;
				GCC_C_LANGUAGE_STANDARD = gnu11;
				GCC_NO_COMMON_BLOCKS = YES;
				GCC_WARN_64_TO_32_BIT_CONVERSION = YES;
				GCC_WARN_ABOUT_RETURN_TYPE = YES_ERROR;
				GCC_WARN_UNDECLARED_SELECTOR = YES;
				GCC_WARN_UNINITIALIZED_AUTOS = YES_AGGRESSIVE;
				GCC_WARN_UNUSED_FUNCTION = YES;
				GCC_WARN_UNUSED_VARIABLE = YES;
				MTL_ENABLE_DEBUG_INFO = NO;
				MTL_FAST_MATH = YES;
				SDKROOT = iphoneos;
				SWIFT_COMPILATION_MODE = wholemodule;
				SWIFT_OPTIMIZATION_LEVEL = "-O";
				VALIDATE_PRODUCT = YES;
			};
			name = Release;
		};
		558999F923A505A40026583A /* Debug */ = {
			isa = XCBuildConfiguration;
			buildSettings = {
				ASSETCATALOG_COMPILER_COMPLICATION_NAME = Complication;
				CODE_SIGN_STYLE = Automatic;
				DEVELOPMENT_TEAM = X65NKP2EV4;
				INFOPLIST_FILE = "DCTrains WatchKit Extension/Info.plist";
				LD_RUNPATH_SEARCH_PATHS = (
					"$(inherited)",
					"@executable_path/Frameworks",
					"@executable_path/../../Frameworks",
				);
				PRODUCT_BUNDLE_IDENTIFIER = me.pto.DCTrains.watchkitapp.watchkitextension;
				PRODUCT_NAME = "${TARGET_NAME}";
				SDKROOT = watchos;
				SKIP_INSTALL = YES;
				SWIFT_VERSION = 5.0;
				TARGETED_DEVICE_FAMILY = 4;
				WATCHOS_DEPLOYMENT_TARGET = 6.1;
			};
			name = Debug;
		};
		558999FA23A505A40026583A /* Release */ = {
			isa = XCBuildConfiguration;
			buildSettings = {
				ASSETCATALOG_COMPILER_COMPLICATION_NAME = Complication;
				CODE_SIGN_STYLE = Automatic;
				DEVELOPMENT_TEAM = X65NKP2EV4;
				INFOPLIST_FILE = "DCTrains WatchKit Extension/Info.plist";
				LD_RUNPATH_SEARCH_PATHS = (
					"$(inherited)",
					"@executable_path/Frameworks",
					"@executable_path/../../Frameworks",
				);
				PRODUCT_BUNDLE_IDENTIFIER = me.pto.DCTrains.watchkitapp.watchkitextension;
				PRODUCT_NAME = "${TARGET_NAME}";
				SDKROOT = watchos;
				SKIP_INSTALL = YES;
				SWIFT_VERSION = 5.0;
				TARGETED_DEVICE_FAMILY = 4;
				WATCHOS_DEPLOYMENT_TARGET = 6.1;
			};
			name = Release;
		};
		558999FD23A505A40026583A /* Debug */ = {
			isa = XCBuildConfiguration;
			buildSettings = {
				ALWAYS_EMBED_SWIFT_STANDARD_LIBRARIES = YES;
				ASSETCATALOG_COMPILER_APPICON_NAME = AppIcon;
				CODE_SIGN_STYLE = Automatic;
				DEVELOPMENT_TEAM = X65NKP2EV4;
				IBSC_MODULE = DCTrains_WatchKit_Extension;
				INFOPLIST_FILE = "DCTrains WatchKit App/Info.plist";
				PRODUCT_BUNDLE_IDENTIFIER = me.pto.DCTrains.watchkitapp;
				PRODUCT_NAME = "$(TARGET_NAME)";
				SDKROOT = watchos;
				SKIP_INSTALL = YES;
				SWIFT_VERSION = 5.0;
				TARGETED_DEVICE_FAMILY = 4;
				WATCHOS_DEPLOYMENT_TARGET = 6.1;
			};
			name = Debug;
		};
		558999FE23A505A40026583A /* Release */ = {
			isa = XCBuildConfiguration;
			buildSettings = {
				ALWAYS_EMBED_SWIFT_STANDARD_LIBRARIES = YES;
				ASSETCATALOG_COMPILER_APPICON_NAME = AppIcon;
				CODE_SIGN_STYLE = Automatic;
				DEVELOPMENT_TEAM = X65NKP2EV4;
				IBSC_MODULE = DCTrains_WatchKit_Extension;
				INFOPLIST_FILE = "DCTrains WatchKit App/Info.plist";
				PRODUCT_BUNDLE_IDENTIFIER = me.pto.DCTrains.watchkitapp;
				PRODUCT_NAME = "$(TARGET_NAME)";
				SDKROOT = watchos;
				SKIP_INSTALL = YES;
				SWIFT_VERSION = 5.0;
				TARGETED_DEVICE_FAMILY = 4;
				WATCHOS_DEPLOYMENT_TARGET = 6.1;
			};
			name = Release;
		};
		55899A0123A505A40026583A /* Debug */ = {
			isa = XCBuildConfiguration;
			buildSettings = {
				CODE_SIGN_STYLE = Automatic;
				CURRENT_PROJECT_VERSION = 1;
				DEVELOPMENT_TEAM = X65NKP2EV4;
				MARKETING_VERSION = 1.0;
				PRODUCT_BUNDLE_IDENTIFIER = me.pto.DCTrains;
				PRODUCT_NAME = "$(TARGET_NAME)";
				SWIFT_VERSION = 5.0;
			};
			name = Debug;
		};
		55899A0223A505A40026583A /* Release */ = {
			isa = XCBuildConfiguration;
			buildSettings = {
				CODE_SIGN_STYLE = Automatic;
				CURRENT_PROJECT_VERSION = 1;
				DEVELOPMENT_TEAM = X65NKP2EV4;
				MARKETING_VERSION = 1.0;
				PRODUCT_BUNDLE_IDENTIFIER = me.pto.DCTrains;
				PRODUCT_NAME = "$(TARGET_NAME)";
				SWIFT_VERSION = 5.0;
			};
			name = Release;
		};
/* End XCBuildConfiguration section */

/* Begin XCConfigurationList section */
		558999D223A505A00026583A /* Build configuration list for PBXProject "DCTrains" */ = {
			isa = XCConfigurationList;
			buildConfigurations = (
				558999F623A505A40026583A /* Debug */,
				558999F723A505A40026583A /* Release */,
			);
			defaultConfigurationIsVisible = 0;
			defaultConfigurationName = Release;
		};
		558999F823A505A40026583A /* Build configuration list for PBXNativeTarget "DCTrains WatchKit Extension" */ = {
			isa = XCConfigurationList;
			buildConfigurations = (
				558999F923A505A40026583A /* Debug */,
				558999FA23A505A40026583A /* Release */,
			);
			defaultConfigurationIsVisible = 0;
			defaultConfigurationName = Release;
		};
		558999FC23A505A40026583A /* Build configuration list for PBXNativeTarget "DCTrains WatchKit App" */ = {
			isa = XCConfigurationList;
			buildConfigurations = (
				558999FD23A505A40026583A /* Debug */,
				558999FE23A505A40026583A /* Release */,
			);
			defaultConfigurationIsVisible = 0;
			defaultConfigurationName = Release;
		};
		55899A0023A505A40026583A /* Build configuration list for PBXNativeTarget "DCTrains" */ = {
			isa = XCConfigurationList;
			buildConfigurations = (
				55899A0123A505A40026583A /* Debug */,
				55899A0223A505A40026583A /* Release */,
			);
			defaultConfigurationIsVisible = 0;
			defaultConfigurationName = Release;
		};
/* End XCConfigurationList section */
	};
	rootObject = 558999CF23A505A00026583A /* Project object */;
}
